
Microsoft Visual Studio Solution File, Format Version 12.00
# Visual Studio 15
VisualStudioVersion = 15.0.26124.0
MinimumVisualStudioVersion = 15.0.26124.0
Project("{2150E333-8FDC-42A3-9474-1A3956D46DE8}") = "src", "src", "{55133603-CA1F-4CF8-96EC-14FD172F40EF}"
EndProject
Project("{FAE04EC0-301F-11D3-BF4B-00C04F79EFBC}") = "PeachTreeBank.Core", "src\PeachTreeBank.Core\PeachTreeBank.Core.csproj", "{491AA8DF-2E8C-4C6A-A08F-F1A77F78FC12}"
EndProject
Project("{FAE04EC0-301F-11D3-BF4B-00C04F79EFBC}") = "PeachTreeBank.Domain", "src\PeachTreeBank.Domain\PeachTreeBank.Domain.csproj", "{3612BE71-2393-4613-B490-58C4B4EBEAA4}"
EndProject
Project("{FAE04EC0-301F-11D3-BF4B-00C04F79EFBC}") = "PeachTreeBank.Api", "src\PeachTreeBank.Api\PeachTreeBank.Api.csproj", "{691B628B-ECA3-4853-B35B-4C3175EBB85A}"
EndProject
Project("{2150E333-8FDC-42A3-9474-1A3956D46DE8}") = "test", "test", "{60391B9E-FC34-4C82-AC19-941EF5F2F674}"
EndProject
Project("{FAE04EC0-301F-11D3-BF4B-00C04F79EFBC}") = "IntegrationTests", "test\IntegrationTests\IntegrationTests.csproj", "{D14666B8-1FB2-4BDE-B4A0-F1F746DE19B0}"
EndProject
Project("{FAE04EC0-301F-11D3-BF4B-00C04F79EFBC}") = "UnitTests", "test\UnitTests\UnitTests.csproj", "{D44C0132-4B39-4699-B83F-7735BCECADB3}"
EndProject
Global
	GlobalSection(SolutionConfigurationPlatforms) = preSolution
		Debug|Any CPU = Debug|Any CPU
		Debug|x64 = Debug|x64
		Debug|x86 = Debug|x86
		Release|Any CPU = Release|Any CPU
		Release|x64 = Release|x64
		Release|x86 = Release|x86
	EndGlobalSection
	GlobalSection(SolutionProperties) = preSolution
		HideSolutionNode = FALSE
	EndGlobalSection
	GlobalSection(ProjectConfigurationPlatforms) = postSolution
		{491AA8DF-2E8C-4C6A-A08F-F1A77F78FC12}.Debug|Any CPU.ActiveCfg = Debug|Any CPU
		{491AA8DF-2E8C-4C6A-A08F-F1A77F78FC12}.Debug|Any CPU.Build.0 = Debug|Any CPU
		{491AA8DF-2E8C-4C6A-A08F-F1A77F78FC12}.Debug|x64.ActiveCfg = Debug|Any CPU
		{491AA8DF-2E8C-4C6A-A08F-F1A77F78FC12}.Debug|x64.Build.0 = Debug|Any CPU
		{491AA8DF-2E8C-4C6A-A08F-F1A77F78FC12}.Debug|x86.ActiveCfg = Debug|Any CPU
		{491AA8DF-2E8C-4C6A-A08F-F1A77F78FC12}.Debug|x86.Build.0 = Debug|Any CPU
		{491AA8DF-2E8C-4C6A-A08F-F1A77F78FC12}.Release|Any CPU.ActiveCfg = Release|Any CPU
		{491AA8DF-2E8C-4C6A-A08F-F1A77F78FC12}.Release|Any CPU.Build.0 = Release|Any CPU
		{491AA8DF-2E8C-4C6A-A08F-F1A77F78FC12}.Release|x64.ActiveCfg = Release|Any CPU
		{491AA8DF-2E8C-4C6A-A08F-F1A77F78FC12}.Release|x64.Build.0 = Release|Any CPU
		{491AA8DF-2E8C-4C6A-A08F-F1A77F78FC12}.Release|x86.ActiveCfg = Release|Any CPU
		{491AA8DF-2E8C-4C6A-A08F-F1A77F78FC12}.Release|x86.Build.0 = Release|Any CPU
		{3612BE71-2393-4613-B490-58C4B4EBEAA4}.Debug|Any CPU.ActiveCfg = Debug|Any CPU
		{3612BE71-2393-4613-B490-58C4B4EBEAA4}.Debug|Any CPU.Build.0 = Debug|Any CPU
		{3612BE71-2393-4613-B490-58C4B4EBEAA4}.Debug|x64.ActiveCfg = Debug|Any CPU
		{3612BE71-2393-4613-B490-58C4B4EBEAA4}.Debug|x64.Build.0 = Debug|Any CPU
		{3612BE71-2393-4613-B490-58C4B4EBEAA4}.Debug|x86.ActiveCfg = Debug|Any CPU
		{3612BE71-2393-4613-B490-58C4B4EBEAA4}.Debug|x86.Build.0 = Debug|Any CPU
		{3612BE71-2393-4613-B490-58C4B4EBEAA4}.Release|Any CPU.ActiveCfg = Release|Any CPU
		{3612BE71-2393-4613-B490-58C4B4EBEAA4}.Release|Any CPU.Build.0 = Release|Any CPU
		{3612BE71-2393-4613-B490-58C4B4EBEAA4}.Release|x64.ActiveCfg = Release|Any CPU
		{3612BE71-2393-4613-B490-58C4B4EBEAA4}.Release|x64.Build.0 = Release|Any CPU
		{3612BE71-2393-4613-B490-58C4B4EBEAA4}.Release|x86.ActiveCfg = Release|Any CPU
		{3612BE71-2393-4613-B490-58C4B4EBEAA4}.Release|x86.Build.0 = Release|Any CPU
		{691B628B-ECA3-4853-B35B-4C3175EBB85A}.Debug|Any CPU.ActiveCfg = Debug|Any CPU
		{691B628B-ECA3-4853-B35B-4C3175EBB85A}.Debug|Any CPU.Build.0 = Debug|Any CPU
		{691B628B-ECA3-4853-B35B-4C3175EBB85A}.Debug|x64.ActiveCfg = Debug|Any CPU
		{691B628B-ECA3-4853-B35B-4C3175EBB85A}.Debug|x64.Build.0 = Debug|Any CPU
		{691B628B-ECA3-4853-B35B-4C3175EBB85A}.Debug|x86.ActiveCfg = Debug|Any CPU
		{691B628B-ECA3-4853-B35B-4C3175EBB85A}.Debug|x86.Build.0 = Debug|Any CPU
		{691B628B-ECA3-4853-B35B-4C3175EBB85A}.Release|Any CPU.ActiveCfg = Release|Any CPU
		{691B628B-ECA3-4853-B35B-4C3175EBB85A}.Release|Any CPU.Build.0 = Release|Any CPU
		{691B628B-ECA3-4853-B35B-4C3175EBB85A}.Release|x64.ActiveCfg = Release|Any CPU
		{691B628B-ECA3-4853-B35B-4C3175EBB85A}.Release|x64.Build.0 = Release|Any CPU
		{691B628B-ECA3-4853-B35B-4C3175EBB85A}.Release|x86.ActiveCfg = Release|Any CPU
		{691B628B-ECA3-4853-B35B-4C3175EBB85A}.Release|x86.Build.0 = Release|Any CPU
		{D14666B8-1FB2-4BDE-B4A0-F1F746DE19B0}.Debug|Any CPU.ActiveCfg = Debug|Any CPU
		{D14666B8-1FB2-4BDE-B4A0-F1F746DE19B0}.Debug|Any CPU.Build.0 = Debug|Any CPU
		{D14666B8-1FB2-4BDE-B4A0-F1F746DE19B0}.Debug|x64.ActiveCfg = Debug|Any CPU
		{D14666B8-1FB2-4BDE-B4A0-F1F746DE19B0}.Debug|x64.Build.0 = Debug|Any CPU
		{D14666B8-1FB2-4BDE-B4A0-F1F746DE19B0}.Debug|x86.ActiveCfg = Debug|Any CPU
		{D14666B8-1FB2-4BDE-B4A0-F1F746DE19B0}.Debug|x86.Build.0 = Debug|Any CPU
		{D14666B8-1FB2-4BDE-B4A0-F1F746DE19B0}.Release|Any CPU.ActiveCfg = Release|Any CPU
		{D14666B8-1FB2-4BDE-B4A0-F1F746DE19B0}.Release|Any CPU.Build.0 = Release|Any CPU
		{D14666B8-1FB2-4BDE-B4A0-F1F746DE19B0}.Release|x64.ActiveCfg = Release|Any CPU
		{D14666B8-1FB2-4BDE-B4A0-F1F746DE19B0}.Release|x64.Build.0 = Release|Any CPU
		{D14666B8-1FB2-4BDE-B4A0-F1F746DE19B0}.Release|x86.ActiveCfg = Release|Any CPU
		{D14666B8-1FB2-4BDE-B4A0-F1F746DE19B0}.Release|x86.Build.0 = Release|Any CPU
		{D44C0132-4B39-4699-B83F-7735BCECADB3}.Debug|Any CPU.ActiveCfg = Debug|Any CPU
		{D44C0132-4B39-4699-B83F-7735BCECADB3}.Debug|Any CPU.Build.0 = Debug|Any CPU
		{D44C0132-4B39-4699-B83F-7735BCECADB3}.Debug|x64.ActiveCfg = Debug|Any CPU
		{D44C0132-4B39-4699-B83F-7735BCECADB3}.Debug|x64.Build.0 = Debug|Any CPU
		{D44C0132-4B39-4699-B83F-7735BCECADB3}.Debug|x86.ActiveCfg = Debug|Any CPU
		{D44C0132-4B39-4699-B83F-7735BCECADB3}.Debug|x86.Build.0 = Debug|Any CPU
		{D44C0132-4B39-4699-B83F-7735BCECADB3}.Release|Any CPU.ActiveCfg = Release|Any CPU
		{D44C0132-4B39-4699-B83F-7735BCECADB3}.Release|Any CPU.Build.0 = Release|Any CPU
		{D44C0132-4B39-4699-B83F-7735BCECADB3}.Release|x64.ActiveCfg = Release|Any CPU
		{D44C0132-4B39-4699-B83F-7735BCECADB3}.Release|x64.Build.0 = Release|Any CPU
		{D44C0132-4B39-4699-B83F-7735BCECADB3}.Release|x86.ActiveCfg = Release|Any CPU
		{D44C0132-4B39-4699-B83F-7735BCECADB3}.Release|x86.Build.0 = Release|Any CPU
	EndGlobalSection
	GlobalSection(NestedProjects) = preSolution
		{491AA8DF-2E8C-4C6A-A08F-F1A77F78FC12} = {55133603-CA1F-4CF8-96EC-14FD172F40EF}
		{3612BE71-2393-4613-B490-58C4B4EBEAA4} = {55133603-CA1F-4CF8-96EC-14FD172F40EF}
		{691B628B-ECA3-4853-B35B-4C3175EBB85A} = {55133603-CA1F-4CF8-96EC-14FD172F40EF}
		{D14666B8-1FB2-4BDE-B4A0-F1F746DE19B0} = {60391B9E-FC34-4C82-AC19-941EF5F2F674}
		{D44C0132-4B39-4699-B83F-7735BCECADB3} = {60391B9E-FC34-4C82-AC19-941EF5F2F674}
	EndGlobalSection
EndGlobal
